
Microsoft Visual Studio Solution File, Format Version 12.00
# Visual Studio Version 16
VisualStudioVersion = 16.0.30804.86
MinimumVisualStudioVersion = 10.0.40219.1
Project("{9A19103F-16F7-4668-BE54-9A1E7A4F7556}") = "KampIntro", "KampIntro\KampIntro.csproj", "{AF4DEC7C-C806-4888-964F-68B4AAB4C7A1}"
EndProject
Project("{9A19103F-16F7-4668-BE54-9A1E7A4F7556}") = "Donguler", "Donguler\Donguler.csproj", "{F45B9F41-46B5-4560-BFF3-7DCBFE6A452C}"
EndProject
Project("{9A19103F-16F7-4668-BE54-9A1E7A4F7556}") = "ClassIntro", "ClassIntro\ClassIntro.csproj", "{AF024427-D0B3-4A9C-860D-BB95D1A84381}"
EndProject
Project("{9A19103F-16F7-4668-BE54-9A1E7A4F7556}") = "Metotlar", "Metotlar\Metotlar.csproj", "{380FA0E4-1D1D-4365-BBE0-CDABA463D19E}"
EndProject
Project("{9A19103F-16F7-4668-BE54-9A1E7A4F7556}") = "Matematik", "Matematik\Matematik.csproj", "{A9D1BEC9-95CE-4352-921A-9859132B9109}"
EndProject
Project("{9A19103F-16F7-4668-BE54-9A1E7A4F7556}") = "DegerVeReferansTipler", "DegerVeReferansTipler\DegerVeReferansTipler.csproj", "{09EB3A8F-4B3F-4064-9A78-FB497F807C7B}"
EndProject
Project("{9A19103F-16F7-4668-BE54-9A1E7A4F7556}") = "OOP1", "OOP1\OOP1.csproj", "{6ABE5E1B-0251-441A-B2E5-EAD9705A8969}"
EndProject
Project("{FAE04EC0-301F-11D3-BF4B-00C04F79EFBC}") = "Koleksiyonlar", "Koleksiyonlar\Koleksiyonlar.csproj", "{B55C1693-69B8-4686-8704-90B1DF0D6780}"
EndProject
Project("{FAE04EC0-301F-11D3-BF4B-00C04F79EFBC}") = "GenericsIntro", "GenericsIntro\GenericsIntro.csproj", "{90F728D2-9EFC-4D67-AEDB-A6FF26518CBE}"
EndProject
Global
	GlobalSection(SolutionConfigurationPlatforms) = preSolution
		Debug|Any CPU = Debug|Any CPU
		Release|Any CPU = Release|Any CPU
	EndGlobalSection
	GlobalSection(ProjectConfigurationPlatforms) = postSolution
		{AF4DEC7C-C806-4888-964F-68B4AAB4C7A1}.Debug|Any CPU.ActiveCfg = Debug|Any CPU
		{AF4DEC7C-C806-4888-964F-68B4AAB4C7A1}.Debug|Any CPU.Build.0 = Debug|Any CPU
		{AF4DEC7C-C806-4888-964F-68B4AAB4C7A1}.Release|Any CPU.ActiveCfg = Release|Any CPU
		{AF4DEC7C-C806-4888-964F-68B4AAB4C7A1}.Release|Any CPU.Build.0 = Release|Any CPU
		{F45B9F41-46B5-4560-BFF3-7DCBFE6A452C}.Debug|Any CPU.ActiveCfg = Debug|Any CPU
		{F45B9F41-46B5-4560-BFF3-7DCBFE6A452C}.Debug|Any CPU.Build.0 = Debug|Any CPU
		{F45B9F41-46B5-4560-BFF3-7DCBFE6A452C}.Release|Any CPU.ActiveCfg = Release|Any CPU
		{F45B9F41-46B5-4560-BFF3-7DCBFE6A452C}.Release|Any CPU.Build.0 = Release|Any CPU
		{AF024427-D0B3-4A9C-860D-BB95D1A84381}.Debug|Any CPU.ActiveCfg = Debug|Any CPU
		{AF024427-D0B3-4A9C-860D-BB95D1A84381}.Debug|Any CPU.Build.0 = Debug|Any CPU
		{AF024427-D0B3-4A9C-860D-BB95D1A84381}.Release|Any CPU.ActiveCfg = Release|Any CPU
		{AF024427-D0B3-4A9C-860D-BB95D1A84381}.Release|Any CPU.Build.0 = Release|Any CPU
		{380FA0E4-1D1D-4365-BBE0-CDABA463D19E}.Debug|Any CPU.ActiveCfg = Debug|Any CPU
		{380FA0E4-1D1D-4365-BBE0-CDABA463D19E}.Debug|Any CPU.Build.0 = Debug|Any CPU
		{380FA0E4-1D1D-4365-BBE0-CDABA463D19E}.Release|Any CPU.ActiveCfg = Release|Any CPU
		{380FA0E4-1D1D-4365-BBE0-CDABA463D19E}.Release|Any CPU.Build.0 = Release|Any CPU
		{A9D1BEC9-95CE-4352-921A-9859132B9109}.Debug|Any CPU.ActiveCfg = Debug|Any CPU
		{A9D1BEC9-95CE-4352-921A-9859132B9109}.Debug|Any CPU.Build.0 = Debug|Any CPU
		{A9D1BEC9-95CE-4352-921A-9859132B9109}.Release|Any CPU.ActiveCfg = Release|Any CPU
		{A9D1BEC9-95CE-4352-921A-9859132B9109}.Release|Any CPU.Build.0 = Release|Any CPU
		{09EB3A8F-4B3F-4064-9A78-FB497F807C7B}.Debug|Any CPU.ActiveCfg = Debug|Any CPU
		{09EB3A8F-4B3F-4064-9A78-FB497F807C7B}.Debug|Any CPU.Build.0 = Debug|Any CPU
		{09EB3A8F-4B3F-4064-9A78-FB497F807C7B}.Release|Any CPU.ActiveCfg = Release|Any CPU
		{09EB3A8F-4B3F-4064-9A78-FB497F807C7B}.Release|Any CPU.Build.0 = Release|Any CPU
		{6ABE5E1B-0251-441A-B2E5-EAD9705A8969}.Debug|Any CPU.ActiveCfg = Debug|Any CPU
		{6ABE5E1B-0251-441A-B2E5-EAD9705A8969}.Debug|Any CPU.Build.0 = Debug|Any CPU
		{6ABE5E1B-0251-441A-B2E5-EAD9705A8969}.Release|Any CPU.ActiveCfg = Release|Any CPU
		{6ABE5E1B-0251-441A-B2E5-EAD9705A8969}.Release|Any CPU.Build.0 = Release|Any CPU
		{B55C1693-69B8-4686-8704-90B1DF0D6780}.Debug|Any CPU.ActiveCfg = Debug|Any CPU
		{B55C1693-69B8-4686-8704-90B1DF0D6780}.Debug|Any CPU.Build.0 = Debug|Any CPU
		{B55C1693-69B8-4686-8704-90B1DF0D6780}.Release|Any CPU.ActiveCfg = Release|Any CPU
		{B55C1693-69B8-4686-8704-90B1DF0D6780}.Release|Any CPU.Build.0 = Release|Any CPU
		{90F728D2-9EFC-4D67-AEDB-A6FF26518CBE}.Debug|Any CPU.ActiveCfg = Debug|Any CPU
		{90F728D2-9EFC-4D67-AEDB-A6FF26518CBE}.Debug|Any CPU.Build.0 = Debug|Any CPU
		{90F728D2-9EFC-4D67-AEDB-A6FF26518CBE}.Release|Any CPU.ActiveCfg = Release|Any CPU
		{90F728D2-9EFC-4D67-AEDB-A6FF26518CBE}.Release|Any CPU.Build.0 = Release|Any CPU
	EndGlobalSection
	GlobalSection(SolutionProperties) = preSolution
		HideSolutionNode = FALSE
	EndGlobalSection
	GlobalSection(ExtensibilityGlobals) = postSolution
		SolutionGuid = {CCC98265-F31E-46F7-89E8-278D60A1DE43}
	EndGlobalSection
EndGlobal
